
Microsoft Visual Studio Solution File, Format Version 12.00
# Visual Studio 15
VisualStudioVersion = 15.0.27428.2011
MinimumVisualStudioVersion = 10.0.40219.1
Project("{FAE04EC0-301F-11D3-BF4B-00C04F79EFBC}") = "lab3 (task 1a + 1b)", "lab3 (task 1a + 1b).csproj", "{570DAA3A-18F1-4D3F-90C2-A85D1EA6E395}"
EndProject
Global
	GlobalSection(SolutionConfigurationPlatforms) = preSolution
		Debug|Any CPU = Debug|Any CPU
		Release|Any CPU = Release|Any CPU
	EndGlobalSection
	GlobalSection(ProjectConfigurationPlatforms) = postSolution
		{570DAA3A-18F1-4D3F-90C2-A85D1EA6E395}.Debug|Any CPU.ActiveCfg = Debug|Any CPU
		{570DAA3A-18F1-4D3F-90C2-A85D1EA6E395}.Debug|Any CPU.Build.0 = Debug|Any CPU
		{570DAA3A-18F1-4D3F-90C2-A85D1EA6E395}.Release|Any CPU.ActiveCfg = Release|Any CPU
		{570DAA3A-18F1-4D3F-90C2-A85D1EA6E395}.Release|Any CPU.Build.0 = Release|Any CPU
	EndGlobalSection
	GlobalSection(SolutionProperties) = preSolution
		HideSolutionNode = FALSE
	EndGlobalSection
	GlobalSection(ExtensibilityGlobals) = postSolution
		SolutionGuid = {D27CFE93-B979-46DA-BD71-6EDDA56DCF2E}
	EndGlobalSection
EndGlobal
