
Microsoft Visual Studio Solution File, Format Version 12.00
# Visual Studio 15
VisualStudioVersion = 15.0.27428.2011
MinimumVisualStudioVersion = 10.0.40219.1
Project("{FAE04EC0-301F-11D3-BF4B-00C04F79EFBC}") = "personal_work_1", "personal_work_1.csproj", "{D5BFA850-C062-4CB4-A914-9ABC8FB76347}"
EndProject
Global
	GlobalSection(SolutionConfigurationPlatforms) = preSolution
		Debug|Any CPU = Debug|Any CPU
		Release|Any CPU = Release|Any CPU
	EndGlobalSection
	GlobalSection(ProjectConfigurationPlatforms) = postSolution
		{D5BFA850-C062-4CB4-A914-9ABC8FB76347}.Debug|Any CPU.ActiveCfg = Debug|Any CPU
		{D5BFA850-C062-4CB4-A914-9ABC8FB76347}.Debug|Any CPU.Build.0 = Debug|Any CPU
		{D5BFA850-C062-4CB4-A914-9ABC8FB76347}.Release|Any CPU.ActiveCfg = Release|Any CPU
		{D5BFA850-C062-4CB4-A914-9ABC8FB76347}.Release|Any CPU.Build.0 = Release|Any CPU
	EndGlobalSection
	GlobalSection(SolutionProperties) = preSolution
		HideSolutionNode = FALSE
	EndGlobalSection
	GlobalSection(ExtensibilityGlobals) = postSolution
		SolutionGuid = {F86D7BD8-F4B3-4E81-B38D-A1FC1183E397}
	EndGlobalSection
EndGlobal
